# THIS IS AN AUTOGENERATED FILE. DO NOT EDIT THIS FILE DIRECTLY.
# yarn lockfile v1


uuid@^11.0.3:
  version "11.0.3"
  resolved "https://registry.yarnpkg.com/uuid/-/uuid-11.0.3.tgz#248451cac9d1a4a4128033e765d137e2b2c49a3d"
  integrity sha512-d0z310fCWv5dJwnX1Y/MncBAqGMKEzlBb1AOf7z9K8ALnd0utBX/msg/fA0+sbyN1ihbMsLhrBlnl1ak7Wa0rg==
